{
  "name": "homeautomationnet",
  "lockfileVersion": 2,
  "requires": true,
  "packages": {
    "": {
      "name": "homeautomationnet",
      "license": "MIT",
      "dependencies": {
        "@node-projects/base-custom-webcomponent": "^0.10.7",
        "@node-projects/lean-he-esm": "^3.3.0",
        "@node-projects/node-html-parser-esm": "^2.5.1",
        "@node-projects/web-component-designer": "^0.0.166",
        "ag-grid-community": "28.2.1",
        "construct-style-sheets-polyfill": "^3.1.0",
        "dock-spawn-ts": "^2.511.0",
        "es-module-shims": "^1.6.3",
        "jquery": "^3.6.3",
        "jquery.fancytree": "^2.38.2",
        "metro4-dist": "^4.5.0",
        "mobile-drag-drop": "^3.0.0-rc.0",
        "monaco-editor": "^0.34.1"
      },
      "devDependencies": {
        "@types/jquery.fancytree": "^0.0.7"
      }
    },
    "node_modules/@node-projects/base-custom-webcomponent": {
      "version": "0.10.7",
      "resolved": "https://registry.npmjs.org/@node-projects/base-custom-webcomponent/-/base-custom-webcomponent-0.10.7.tgz",
      "integrity": "sha512-2dZ+wlHgMxlsb5kq7w0+ULpNh0seKa2Hmzq4Ge8e9FCgkHeiARxQBGtA1oEaFBW3DNhoFskn6RhizER+eDc9kw=="
    },
    "node_modules/@node-projects/lean-he-esm": {
      "version": "3.3.0",
      "resolved": "https://registry.npmjs.org/@node-projects/lean-he-esm/-/lean-he-esm-3.3.0.tgz",
      "integrity": "sha512-QgPAgWiBX6o57yRWXYmmE35FrZ0NKfCO7CmZi2CmzekE+aclQV4VnYMQfZJi5xyeQUahpWFex5jnXEYZpFrW2Q=="
    },
    "node_modules/@node-projects/node-html-parser-esm": {
      "version": "2.5.1",
      "resolved": "https://registry.npmjs.org/@node-projects/node-html-parser-esm/-/node-html-parser-esm-2.5.1.tgz",
      "integrity": "sha512-VysoF8h6dUYQHkb6JgYhK2dsG7y9BDILeGJVKvbUNV3SL2eJ/4+MUMF7aScK9U06870ExcVc73mx3ZLX/oBODw==",
      "dependencies": {
        "@node-projects/lean-he-esm": "^3.3.0"
      }
    },
    "node_modules/@node-projects/web-component-designer": {
      "version": "0.0.166",
      "resolved": "https://registry.npmjs.org/@node-projects/web-component-designer/-/web-component-designer-0.0.166.tgz",
      "integrity": "sha512-RoC8Do4d+7AnYB+UG2226yYoMZkiQwXFInvfd1ArUrGiRkNJM0IciLmK8SNG36BjFCuUCBaU30shS5zcfD1e4A==",
      "dependencies": {
        "@node-projects/base-custom-webcomponent": "^0.10.7",
        "@types/node": "^18.11.14",
        "construct-style-sheets-polyfill": "^3.1.0"
      }
    },
    "node_modules/@types/jquery": {
      "version": "3.5.16",
      "resolved": "https://registry.npmjs.org/@types/jquery/-/jquery-3.5.16.tgz",
      "integrity": "sha512-bsI7y4ZgeMkmpG9OM710RRzDFp+w4P1RGiIt30C1mSBT+ExCleeh4HObwgArnDFELmRrOpXgSYN9VF1hj+f1lw==",
      "dev": true,
      "dependencies": {
        "@types/sizzle": "*"
      }
    },
    "node_modules/@types/jquery.fancytree": {
      "version": "0.0.7",
      "resolved": "https://registry.npmjs.org/@types/jquery.fancytree/-/jquery.fancytree-0.0.7.tgz",
      "integrity": "sha512-nV0sG7t4LLkFC+3S7Ln/do6sOHMYUI3BGU3Nca9ZB4gsmc8LY5RtObvCwmQsYDervDnispV+9bS7jrN6nEOHRA==",
      "dev": true,
      "dependencies": {
        "@types/jquery": "*",
        "@types/jqueryui": "*"
      }
    },
    "node_modules/@types/jqueryui": {
      "version": "1.12.16",
      "resolved": "https://registry.npmjs.org/@types/jqueryui/-/jqueryui-1.12.16.tgz",
      "integrity": "sha512-6huAQDpNlso9ayaUT9amBOA3kj02OCeUWs+UvDmbaJmwkHSg/HLsQOoap/D5uveN9ePwl72N45Bl+Frp5xyG1Q==",
      "dev": true,
      "dependencies": {
        "@types/jquery": "*"
      }
    },
    "node_modules/@types/node": {
      "version": "18.11.18",
      "resolved": "https://registry.npmjs.org/@types/node/-/node-18.11.18.tgz",
      "integrity": "sha512-DHQpWGjyQKSHj3ebjFI/wRKcqQcdR+MoFBygntYOZytCqNfkd2ZC4ARDJ2DQqhjH5p85Nnd3jhUJIXrszFX/JA=="
    },
    "node_modules/@types/sizzle": {
      "version": "2.3.3",
      "resolved": "https://registry.npmjs.org/@types/sizzle/-/sizzle-2.3.3.tgz",
      "integrity": "sha512-JYM8x9EGF163bEyhdJBpR2QX1R5naCJHC8ucJylJ3w9/CVBaskdQ8WqBf8MmQrd1kRvp/a4TS8HJ+bxzR7ZJYQ==",
      "dev": true
    },
    "node_modules/ag-grid-community": {
      "version": "28.2.1",
      "resolved": "https://registry.npmjs.org/ag-grid-community/-/ag-grid-community-28.2.1.tgz",
      "integrity": "sha512-DMZh/xD/FqYP17qJ1M92PolTYe+hrKuEaf+A4h13O6qn2x/xZQrTRGW5DgnQLR/uLMe1XXZQPKR3UKgAlKo69A=="
    },
    "node_modules/construct-style-sheets-polyfill": {
      "version": "3.1.0",
      "resolved": "https://registry.npmjs.org/construct-style-sheets-polyfill/-/construct-style-sheets-polyfill-3.1.0.tgz",
      "integrity": "sha512-HBLKP0chz8BAY6rBdzda11c3wAZeCZ+kIG4weVC2NM3AXzxx09nhe8t0SQNdloAvg5GLuHwq/0SPOOSPvtCcKw=="
    },
    "node_modules/dock-spawn-ts": {
      "version": "2.511.0",
      "resolved": "https://registry.npmjs.org/dock-spawn-ts/-/dock-spawn-ts-2.511.0.tgz",
      "integrity": "sha512-oO3QJgK96h2WJhXm14cpb7nNv5wSojFUub3mk06TH9OHONkk/VTye20oBcOtn1m3XZqU9n4gTILc3/j9BenBLQ=="
    },
    "node_modules/es-module-shims": {
      "version": "1.6.3",
      "resolved": "https://registry.npmjs.org/es-module-shims/-/es-module-shims-1.6.3.tgz",
      "integrity": "sha512-+BQyPRZczeV9JH/17X1nu1GbD+SZvdPKD4Nrt2S61J94A2yc8DpWBlzv9KgF9cOXUZKifEShy8/qLelSVNo/rA=="
    },
    "node_modules/jquery": {
      "version": "3.6.3",
      "resolved": "https://registry.npmjs.org/jquery/-/jquery-3.6.3.tgz",
      "integrity": "sha512-bZ5Sy3YzKo9Fyc8wH2iIQK4JImJ6R0GWI9kL1/k7Z91ZBNgkRXE6U0JfHIizZbort8ZunhSI3jw9I6253ahKfg=="
    },
    "node_modules/jquery.fancytree": {
      "version": "2.38.2",
      "resolved": "https://registry.npmjs.org/jquery.fancytree/-/jquery.fancytree-2.38.2.tgz",
      "integrity": "sha512-+7+rro6Lr1OsfwkxNZYXUEHQgvY9g91IDsNCosvegA0zraTuZjPjLjF/n0y0TLbp8OKlhSHzcflTrAhERV3SQA==",
      "peerDependencies": {
        "jquery": ">=1.9"
      }
    },
    "node_modules/metro4-dist": {
      "version": "4.5.0",
      "resolved": "https://registry.npmjs.org/metro4-dist/-/metro4-dist-4.5.0.tgz",
      "integrity": "sha512-rLOl92HhvfjPi7Wtllx9ucbvmqyihfHO3nDB7o9zjf9tWWo+m8cYu6XE1B6qm3o5vIYUSa0hrCRlRTlELoj2zA==",
      "deprecated": "Package no longer supported. Contact Support at https://www.npmjs.com/support for more info."
    },
    "node_modules/mobile-drag-drop": {
      "version": "3.0.0-rc.0",
      "resolved": "https://registry.npmjs.org/mobile-drag-drop/-/mobile-drag-drop-3.0.0-rc.0.tgz",
      "integrity": "sha512-f8wIDTbBYLBW/+5sei1cqUE+StyDpf/LP+FRZELlVX6tmOOmELk84r3wh1z3woxCB9G5octhF06K5COvFjGgqg=="
    },
    "node_modules/monaco-editor": {
      "version": "0.34.1",
      "resolved": "https://registry.npmjs.org/monaco-editor/-/monaco-editor-0.34.1.tgz",
      "integrity": "sha512-FKc80TyiMaruhJKKPz5SpJPIjL+dflGvz4CpuThaPMc94AyN7SeC9HQ8hrvaxX7EyHdJcUY5i4D0gNyJj1vSZQ=="
    }
  },
  "dependencies": {
    "@node-projects/base-custom-webcomponent": {
      "version": "0.10.7",
      "resolved": "https://registry.npmjs.org/@node-projects/base-custom-webcomponent/-/base-custom-webcomponent-0.10.7.tgz",
      "integrity": "sha512-2dZ+wlHgMxlsb5kq7w0+ULpNh0seKa2Hmzq4Ge8e9FCgkHeiARxQBGtA1oEaFBW3DNhoFskn6RhizER+eDc9kw=="
    },
    "@node-projects/lean-he-esm": {
      "version": "3.3.0",
      "resolved": "https://registry.npmjs.org/@node-projects/lean-he-esm/-/lean-he-esm-3.3.0.tgz",
      "integrity": "sha512-QgPAgWiBX6o57yRWXYmmE35FrZ0NKfCO7CmZi2CmzekE+aclQV4VnYMQfZJi5xyeQUahpWFex5jnXEYZpFrW2Q=="
    },
    "@node-projects/node-html-parser-esm": {
      "version": "2.5.1",
      "resolved": "https://registry.npmjs.org/@node-projects/node-html-parser-esm/-/node-html-parser-esm-2.5.1.tgz",
      "integrity": "sha512-VysoF8h6dUYQHkb6JgYhK2dsG7y9BDILeGJVKvbUNV3SL2eJ/4+MUMF7aScK9U06870ExcVc73mx3ZLX/oBODw==",
      "requires": {
        "@node-projects/lean-he-esm": "^3.3.0"
      }
    },
    "@node-projects/web-component-designer": {
      "version": "0.0.166",
      "resolved": "https://registry.npmjs.org/@node-projects/web-component-designer/-/web-component-designer-0.0.166.tgz",
      "integrity": "sha512-RoC8Do4d+7AnYB+UG2226yYoMZkiQwXFInvfd1ArUrGiRkNJM0IciLmK8SNG36BjFCuUCBaU30shS5zcfD1e4A==",
      "requires": {
        "@node-projects/base-custom-webcomponent": "^0.10.7",
        "@types/node": "^18.11.14",
        "construct-style-sheets-polyfill": "^3.1.0"
      }
    },
    "@types/jquery": {
      "version": "3.5.16",
      "resolved": "https://registry.npmjs.org/@types/jquery/-/jquery-3.5.16.tgz",
      "integrity": "sha512-bsI7y4ZgeMkmpG9OM710RRzDFp+w4P1RGiIt30C1mSBT+ExCleeh4HObwgArnDFELmRrOpXgSYN9VF1hj+f1lw==",
      "dev": true,
      "requires": {
        "@types/sizzle": "*"
      }
    },
    "@types/jquery.fancytree": {
      "version": "0.0.7",
      "resolved": "https://registry.npmjs.org/@types/jquery.fancytree/-/jquery.fancytree-0.0.7.tgz",
      "integrity": "sha512-nV0sG7t4LLkFC+3S7Ln/do6sOHMYUI3BGU3Nca9ZB4gsmc8LY5RtObvCwmQsYDervDnispV+9bS7jrN6nEOHRA==",
      "dev": true,
      "requires": {
        "@types/jquery": "*",
        "@types/jqueryui": "*"
      }
    },
    "@types/jqueryui": {
      "version": "1.12.16",
      "resolved": "https://registry.npmjs.org/@types/jqueryui/-/jqueryui-1.12.16.tgz",
      "integrity": "sha512-6huAQDpNlso9ayaUT9amBOA3kj02OCeUWs+UvDmbaJmwkHSg/HLsQOoap/D5uveN9ePwl72N45Bl+Frp5xyG1Q==",
      "dev": true,
      "requires": {
        "@types/jquery": "*"
      }
    },
    "@types/node": {
      "version": "18.11.18",
      "resolved": "https://registry.npmjs.org/@types/node/-/node-18.11.18.tgz",
      "integrity": "sha512-DHQpWGjyQKSHj3ebjFI/wRKcqQcdR+MoFBygntYOZytCqNfkd2ZC4ARDJ2DQqhjH5p85Nnd3jhUJIXrszFX/JA=="
    },
    "@types/sizzle": {
      "version": "2.3.3",
      "resolved": "https://registry.npmjs.org/@types/sizzle/-/sizzle-2.3.3.tgz",
      "integrity": "sha512-JYM8x9EGF163bEyhdJBpR2QX1R5naCJHC8ucJylJ3w9/CVBaskdQ8WqBf8MmQrd1kRvp/a4TS8HJ+bxzR7ZJYQ==",
      "dev": true
    },
    "ag-grid-community": {
      "version": "28.2.1",
      "resolved": "https://registry.npmjs.org/ag-grid-community/-/ag-grid-community-28.2.1.tgz",
      "integrity": "sha512-DMZh/xD/FqYP17qJ1M92PolTYe+hrKuEaf+A4h13O6qn2x/xZQrTRGW5DgnQLR/uLMe1XXZQPKR3UKgAlKo69A=="
    },
    "construct-style-sheets-polyfill": {
      "version": "3.1.0",
      "resolved": "https://registry.npmjs.org/construct-style-sheets-polyfill/-/construct-style-sheets-polyfill-3.1.0.tgz",
      "integrity": "sha512-HBLKP0chz8BAY6rBdzda11c3wAZeCZ+kIG4weVC2NM3AXzxx09nhe8t0SQNdloAvg5GLuHwq/0SPOOSPvtCcKw=="
    },
    "dock-spawn-ts": {
      "version": "2.511.0",
      "resolved": "https://registry.npmjs.org/dock-spawn-ts/-/dock-spawn-ts-2.511.0.tgz",
      "integrity": "sha512-oO3QJgK96h2WJhXm14cpb7nNv5wSojFUub3mk06TH9OHONkk/VTye20oBcOtn1m3XZqU9n4gTILc3/j9BenBLQ=="
    },
    "es-module-shims": {
      "version": "1.6.3",
      "resolved": "https://registry.npmjs.org/es-module-shims/-/es-module-shims-1.6.3.tgz",
      "integrity": "sha512-+BQyPRZczeV9JH/17X1nu1GbD+SZvdPKD4Nrt2S61J94A2yc8DpWBlzv9KgF9cOXUZKifEShy8/qLelSVNo/rA=="
    },
    "jquery": {
      "version": "3.6.3",
      "resolved": "https://registry.npmjs.org/jquery/-/jquery-3.6.3.tgz",
      "integrity": "sha512-bZ5Sy3YzKo9Fyc8wH2iIQK4JImJ6R0GWI9kL1/k7Z91ZBNgkRXE6U0JfHIizZbort8ZunhSI3jw9I6253ahKfg=="
    },
    "jquery.fancytree": {
      "version": "2.38.2",
      "resolved": "https://registry.npmjs.org/jquery.fancytree/-/jquery.fancytree-2.38.2.tgz",
      "integrity": "sha512-+7+rro6Lr1OsfwkxNZYXUEHQgvY9g91IDsNCosvegA0zraTuZjPjLjF/n0y0TLbp8OKlhSHzcflTrAhERV3SQA==",
      "requires": {}
    },
    "metro4-dist": {
      "version": "4.5.0",
      "resolved": "https://registry.npmjs.org/metro4-dist/-/metro4-dist-4.5.0.tgz",
      "integrity": "sha512-rLOl92HhvfjPi7Wtllx9ucbvmqyihfHO3nDB7o9zjf9tWWo+m8cYu6XE1B6qm3o5vIYUSa0hrCRlRTlELoj2zA=="
    },
    "mobile-drag-drop": {
      "version": "3.0.0-rc.0",
      "resolved": "https://registry.npmjs.org/mobile-drag-drop/-/mobile-drag-drop-3.0.0-rc.0.tgz",
      "integrity": "sha512-f8wIDTbBYLBW/+5sei1cqUE+StyDpf/LP+FRZELlVX6tmOOmELk84r3wh1z3woxCB9G5octhF06K5COvFjGgqg=="
    },
    "monaco-editor": {
      "version": "0.34.1",
      "resolved": "https://registry.npmjs.org/monaco-editor/-/monaco-editor-0.34.1.tgz",
      "integrity": "sha512-FKc80TyiMaruhJKKPz5SpJPIjL+dflGvz4CpuThaPMc94AyN7SeC9HQ8hrvaxX7EyHdJcUY5i4D0gNyJj1vSZQ=="
    }
  }
}
